// !$*UTF8*$!
{
	archiveVersion = 1;
	classes = {
	};
	objectVersion = 46;
	objects = {

/* Begin PBXBuildFile section */
		260734321C9029D9007F314E /* JxCalendarProtocols.h in Headers */ = {isa = PBXBuildFile; fileRef = 260734311C902956007F314E /* JxCalendarProtocols.h */; settings = {ATTRIBUTES = (Public, ); }; };
		260734381C902CC8007F314E /* JxCalendarRangeElement.h in Headers */ = {isa = PBXBuildFile; fileRef = 260734361C902CC8007F314E /* JxCalendarRangeElement.h */; settings = {ATTRIBUTES = (Public, ); }; };
		260734391C902CC8007F314E /* JxCalendarRangeElement.m in Sources */ = {isa = PBXBuildFile; fileRef = 260734371C902CC8007F314E /* JxCalendarRangeElement.m */; };
		260EBC561C96F10700677876 /* JxCalendarOverview+ToolTip.h in Headers */ = {isa = PBXBuildFile; fileRef = 260EBC541C96F10700677876 /* JxCalendarOverview+ToolTip.h */; };
		260EBC571C96F10700677876 /* JxCalendarOverview+ToolTip.m in Sources */ = {isa = PBXBuildFile; fileRef = 260EBC551C96F10700677876 /* JxCalendarOverview+ToolTip.m */; };
		2614D0951C8DB71B002EC145 /* JxCalendarWeekDayDecoration.h in Headers */ = {isa = PBXBuildFile; fileRef = 2614D0921C8DB71B002EC145 /* JxCalendarWeekDayDecoration.h */; };
		2614D0961C8DB71B002EC145 /* JxCalendarWeekDayDecoration.m in Sources */ = {isa = PBXBuildFile; fileRef = 2614D0931C8DB71B002EC145 /* JxCalendarWeekDayDecoration.m */; };
		265FD5F11C2170E000FCC8AE /* JxCalendarEventDay.h in Headers */ = {isa = PBXBuildFile; fileRef = 265FD5EF1C2170E000FCC8AE /* JxCalendarEventDay.h */; settings = {ATTRIBUTES = (Public, ); }; };
		265FD5F21C2170E000FCC8AE /* JxCalendarEventDay.m in Sources */ = {isa = PBXBuildFile; fileRef = 265FD5F01C2170E000FCC8AE /* JxCalendarEventDay.m */; };
		265FD5F51C2170F100FCC8AE /* JxCalendarEventDuration.h in Headers */ = {isa = PBXBuildFile; fileRef = 265FD5F31C2170F100FCC8AE /* JxCalendarEventDuration.h */; settings = {ATTRIBUTES = (Public, ); }; };
		265FD5F61C2170F100FCC8AE /* JxCalendarEventDuration.m in Sources */ = {isa = PBXBuildFile; fileRef = 265FD5F41C2170F100FCC8AE /* JxCalendarEventDuration.m */; };
		265FD5FA1C217BA400FCC8AE /* JxCalendarWeekEventCell.h in Headers */ = {isa = PBXBuildFile; fileRef = 265FD5F71C217BA400FCC8AE /* JxCalendarWeekEventCell.h */; settings = {ATTRIBUTES = (Private, ); }; };
		265FD5FB1C217BA400FCC8AE /* JxCalendarWeekEventCell.m in Sources */ = {isa = PBXBuildFile; fileRef = 265FD5F81C217BA400FCC8AE /* JxCalendarWeekEventCell.m */; };
		26614D521C4F9A7900591976 /* UIViewController+CalendarBackButtonHandler.h in Headers */ = {isa = PBXBuildFile; fileRef = 26614D501C4F9A7900591976 /* UIViewController+CalendarBackButtonHandler.h */; };
		26614D531C4F9A7900591976 /* UIViewController+CalendarBackButtonHandler.m in Sources */ = {isa = PBXBuildFile; fileRef = 26614D511C4F9A7900591976 /* UIViewController+CalendarBackButtonHandler.m */; };
		266D38131C2AAE64004FEBF1 /* JxCalendarWeekHeader.h in Headers */ = {isa = PBXBuildFile; fileRef = 266D38101C2AAE64004FEBF1 /* JxCalendarWeekHeader.h */; settings = {ATTRIBUTES = (Private, ); }; };
		266D38141C2AAE64004FEBF1 /* JxCalendarWeekHeader.m in Sources */ = {isa = PBXBuildFile; fileRef = 266D38111C2AAE64004FEBF1 /* JxCalendarWeekHeader.m */; };
		26EBE1F61C18446700A0DB2E /* JxCalendarCell.h in Headers */ = {isa = PBXBuildFile; fileRef = 26EBE1CC1C18446700A0DB2E /* JxCalendarCell.h */; settings = {ATTRIBUTES = (Private, ); }; };
		26EBE1F71C18446700A0DB2E /* JxCalendarCell.m in Sources */ = {isa = PBXBuildFile; fileRef = 26EBE1CD1C18446700A0DB2E /* JxCalendarCell.m */; };
		26EBE1F91C18446700A0DB2E /* JxCalendarDayHeader.h in Headers */ = {isa = PBXBuildFile; fileRef = 26EBE1CF1C18446700A0DB2E /* JxCalendarDayHeader.h */; settings = {ATTRIBUTES = (Private, ); }; };
		26EBE1FA1C18446700A0DB2E /* JxCalendarDayHeader.m in Sources */ = {isa = PBXBuildFile; fileRef = 26EBE1D01C18446700A0DB2E /* JxCalendarDayHeader.m */; };
		26EBE1FC1C18446700A0DB2E /* JxCalendarEventCell.h in Headers */ = {isa = PBXBuildFile; fileRef = 26EBE1D21C18446700A0DB2E /* JxCalendarEventCell.h */; settings = {ATTRIBUTES = (Private, ); }; };
		26EBE1FD1C18446700A0DB2E /* JxCalendarEventCell.m in Sources */ = {isa = PBXBuildFile; fileRef = 26EBE1D31C18446700A0DB2E /* JxCalendarEventCell.m */; };
		26EBE2011C18446700A0DB2E /* JxCalendarHeader.h in Headers */ = {isa = PBXBuildFile; fileRef = 26EBE1D71C18446700A0DB2E /* JxCalendarHeader.h */; settings = {ATTRIBUTES = (Private, ); }; };
		26EBE2021C18446700A0DB2E /* JxCalendarHeader.m in Sources */ = {isa = PBXBuildFile; fileRef = 26EBE1D81C18446700A0DB2E /* JxCalendarHeader.m */; };
		26EBE20A1C18446700A0DB2E /* JxCalendarEvent.h in Headers */ = {isa = PBXBuildFile; fileRef = 26EBE1E11C18446700A0DB2E /* JxCalendarEvent.h */; settings = {ATTRIBUTES = (Public, ); }; };
		26EBE20B1C18446700A0DB2E /* JxCalendarEvent.m in Sources */ = {isa = PBXBuildFile; fileRef = 26EBE1E21C18446700A0DB2E /* JxCalendarEvent.m */; };
		26EBE20D1C18446700A0DB2E /* JxCalendar.h in Headers */ = {isa = PBXBuildFile; fileRef = 26EBE1E41C18446700A0DB2E /* JxCalendar.h */; settings = {ATTRIBUTES = (Public, ); }; };
		26EBE20E1C18446700A0DB2E /* JxCalendarDefinitions.h in Headers */ = {isa = PBXBuildFile; fileRef = 26EBE1E51C18446700A0DB2E /* JxCalendarDefinitions.h */; settings = {ATTRIBUTES = (Public, ); }; };
		26EBE20F1C18446700A0DB2E /* JxCalendarLayout.h in Headers */ = {isa = PBXBuildFile; fileRef = 26EBE1E71C18446700A0DB2E /* JxCalendarLayout.h */; settings = {ATTRIBUTES = (Private, ); }; };
		26EBE2101C18446700A0DB2E /* JxCalendarLayout.m in Sources */ = {isa = PBXBuildFile; fileRef = 26EBE1E81C18446700A0DB2E /* JxCalendarLayout.m */; };
		26EBE2111C18446700A0DB2E /* JxCalendarLayoutDay.h in Headers */ = {isa = PBXBuildFile; fileRef = 26EBE1E91C18446700A0DB2E /* JxCalendarLayoutDay.h */; settings = {ATTRIBUTES = (Private, ); }; };
		26EBE2121C18446700A0DB2E /* JxCalendarLayoutDay.m in Sources */ = {isa = PBXBuildFile; fileRef = 26EBE1EA1C18446700A0DB2E /* JxCalendarLayoutDay.m */; };
		26EBE2151C18446700A0DB2E /* JxCalendarLayoutMonthGrid.h in Headers */ = {isa = PBXBuildFile; fileRef = 26EBE1ED1C18446700A0DB2E /* JxCalendarLayoutMonthGrid.h */; settings = {ATTRIBUTES = (Private, ); }; };
		26EBE2161C18446700A0DB2E /* JxCalendarLayoutMonthGrid.m in Sources */ = {isa = PBXBuildFile; fileRef = 26EBE1EE1C18446700A0DB2E /* JxCalendarLayoutMonthGrid.m */; };
		26EBE2171C18446700A0DB2E /* JxCalendarLayoutYearGrid.h in Headers */ = {isa = PBXBuildFile; fileRef = 26EBE1EF1C18446700A0DB2E /* JxCalendarLayoutYearGrid.h */; settings = {ATTRIBUTES = (Private, ); }; };
		26EBE2181C18446700A0DB2E /* JxCalendarLayoutYearGrid.m in Sources */ = {isa = PBXBuildFile; fileRef = 26EBE1F01C18446700A0DB2E /* JxCalendarLayoutYearGrid.m */; };
		26EBE2191C18446700A0DB2E /* JxCalendarDay.h in Headers */ = {isa = PBXBuildFile; fileRef = 26EBE1F21C18446700A0DB2E /* JxCalendarDay.h */; settings = {ATTRIBUTES = (Private, ); }; };
		26EBE21A1C18446700A0DB2E /* JxCalendarDay.m in Sources */ = {isa = PBXBuildFile; fileRef = 26EBE1F31C18446700A0DB2E /* JxCalendarDay.m */; };
		26EBE21B1C18446700A0DB2E /* JxCalendarOverview.h in Headers */ = {isa = PBXBuildFile; fileRef = 26EBE1F41C18446700A0DB2E /* JxCalendarOverview.h */; settings = {ATTRIBUTES = (Public, ); }; };
		26EBE21C1C18446700A0DB2E /* JxCalendarOverview.m in Sources */ = {isa = PBXBuildFile; fileRef = 26EBE1F51C18446700A0DB2E /* JxCalendarOverview.m */; };
		26FAA3EA1C1EC04F001C4DA6 /* JxCalendarLayoutOverview.h in Headers */ = {isa = PBXBuildFile; fileRef = 26FAA3E81C1EC04F001C4DA6 /* JxCalendarLayoutOverview.h */; settings = {ATTRIBUTES = (Private, ); }; };
		26FAA3EB1C1EC04F001C4DA6 /* JxCalendarLayoutOverview.m in Sources */ = {isa = PBXBuildFile; fileRef = 26FAA3E91C1EC04F001C4DA6 /* JxCalendarLayoutOverview.m */; };
		26FAA3F11C1F0F0F001C4DA6 /* JxCalendarLayoutWeek.h in Headers */ = {isa = PBXBuildFile; fileRef = 26FAA3EF1C1F0F0F001C4DA6 /* JxCalendarLayoutWeek.h */; settings = {ATTRIBUTES = (Private, ); }; };
		26FAA3F21C1F0F0F001C4DA6 /* JxCalendarLayoutWeek.m in Sources */ = {isa = PBXBuildFile; fileRef = 26FAA3F01C1F0F0F001C4DA6 /* JxCalendarLayoutWeek.m */; };
		26FAA3F51C1F135D001C4DA6 /* JxCalendarWeek.h in Headers */ = {isa = PBXBuildFile; fileRef = 26FAA3F31C1F135D001C4DA6 /* JxCalendarWeek.h */; settings = {ATTRIBUTES = (Private, ); }; };
		26FAA3F61C1F135D001C4DA6 /* JxCalendarWeek.m in Sources */ = {isa = PBXBuildFile; fileRef = 26FAA3F41C1F135D001C4DA6 /* JxCalendarWeek.m */; };
		26FAA3F91C1F13DB001C4DA6 /* JxCalendarBasics.h in Headers */ = {isa = PBXBuildFile; fileRef = 26FAA3F71C1F13DB001C4DA6 /* JxCalendarBasics.h */; settings = {ATTRIBUTES = (Public, ); }; };
		26FAA3FA1C1F13DB001C4DA6 /* JxCalendarBasics.m in Sources */ = {isa = PBXBuildFile; fileRef = 26FAA3F81C1F13DB001C4DA6 /* JxCalendarBasics.m */; };
		26FAA3FD1C1F1AE0001C4DA6 /* JxCalendarViewController.h in Headers */ = {isa = PBXBuildFile; fileRef = 26FAA3FB1C1F1AE0001C4DA6 /* JxCalendarViewController.h */; settings = {ATTRIBUTES = (Public, ); }; };
		26FAA3FE1C1F1AE0001C4DA6 /* JxCalendarViewController.m in Sources */ = {isa = PBXBuildFile; fileRef = 26FAA3FC1C1F1AE0001C4DA6 /* JxCalendarViewController.m */; };
/* End PBXBuildFile section */

/* Begin PBXFileReference section */
		260734311C902956007F314E /* JxCalendarProtocols.h */ = {isa = PBXFileReference; lastKnownFileType = sourcecode.c.h; path = JxCalendarProtocols.h; sourceTree = "<group>"; };
		260734361C902CC8007F314E /* JxCalendarRangeElement.h */ = {isa = PBXFileReference; fileEncoding = 4; lastKnownFileType = sourcecode.c.h; path = JxCalendarRangeElement.h; sourceTree = "<group>"; };
		260734371C902CC8007F314E /* JxCalendarRangeElement.m */ = {isa = PBXFileReference; fileEncoding = 4; lastKnownFileType = sourcecode.c.objc; path = JxCalendarRangeElement.m; sourceTree = "<group>"; };
		260EBC541C96F10700677876 /* JxCalendarOverview+ToolTip.h */ = {isa = PBXFileReference; fileEncoding = 4; lastKnownFileType = sourcecode.c.h; path = "JxCalendarOverview+ToolTip.h"; sourceTree = "<group>"; };
		260EBC551C96F10700677876 /* JxCalendarOverview+ToolTip.m */ = {isa = PBXFileReference; fileEncoding = 4; lastKnownFileType = sourcecode.c.objc; path = "JxCalendarOverview+ToolTip.m"; sourceTree = "<group>"; };
		2614D0921C8DB71B002EC145 /* JxCalendarWeekDayDecoration.h */ = {isa = PBXFileReference; fileEncoding = 4; lastKnownFileType = sourcecode.c.h; path = JxCalendarWeekDayDecoration.h; sourceTree = "<group>"; };
		2614D0931C8DB71B002EC145 /* JxCalendarWeekDayDecoration.m */ = {isa = PBXFileReference; fileEncoding = 4; lastKnownFileType = sourcecode.c.objc; path = JxCalendarWeekDayDecoration.m; sourceTree = "<group>"; };
		265FD5EF1C2170E000FCC8AE /* JxCalendarEventDay.h */ = {isa = PBXFileReference; fileEncoding = 4; lastKnownFileType = sourcecode.c.h; path = JxCalendarEventDay.h; sourceTree = "<group>"; };
		265FD5F01C2170E000FCC8AE /* JxCalendarEventDay.m */ = {isa = PBXFileReference; fileEncoding = 4; lastKnownFileType = sourcecode.c.objc; path = JxCalendarEventDay.m; sourceTree = "<group>"; };
		265FD5F31C2170F100FCC8AE /* JxCalendarEventDuration.h */ = {isa = PBXFileReference; fileEncoding = 4; lastKnownFileType = sourcecode.c.h; path = JxCalendarEventDuration.h; sourceTree = "<group>"; };
		265FD5F41C2170F100FCC8AE /* JxCalendarEventDuration.m */ = {isa = PBXFileReference; fileEncoding = 4; lastKnownFileType = sourcecode.c.objc; path = JxCalendarEventDuration.m; sourceTree = "<group>"; };
		265FD5F71C217BA400FCC8AE /* JxCalendarWeekEventCell.h */ = {isa = PBXFileReference; fileEncoding = 4; lastKnownFileType = sourcecode.c.h; path = JxCalendarWeekEventCell.h; sourceTree = "<group>"; };
		265FD5F81C217BA400FCC8AE /* JxCalendarWeekEventCell.m */ = {isa = PBXFileReference; fileEncoding = 4; lastKnownFileType = sourcecode.c.objc; path = JxCalendarWeekEventCell.m; sourceTree = "<group>"; };
		26614D501C4F9A7900591976 /* UIViewController+CalendarBackButtonHandler.h */ = {isa = PBXFileReference; fileEncoding = 4; lastKnownFileType = sourcecode.c.h; path = "UIViewController+CalendarBackButtonHandler.h"; sourceTree = "<group>"; };
		26614D511C4F9A7900591976 /* UIViewController+CalendarBackButtonHandler.m */ = {isa = PBXFileReference; fileEncoding = 4; lastKnownFileType = sourcecode.c.objc; path = "UIViewController+CalendarBackButtonHandler.m"; sourceTree = "<group>"; };
		266D38101C2AAE64004FEBF1 /* JxCalendarWeekHeader.h */ = {isa = PBXFileReference; fileEncoding = 4; lastKnownFileType = sourcecode.c.h; path = JxCalendarWeekHeader.h; sourceTree = "<group>"; };
		266D38111C2AAE64004FEBF1 /* JxCalendarWeekHeader.m */ = {isa = PBXFileReference; fileEncoding = 4; lastKnownFileType = sourcecode.c.objc; path = JxCalendarWeekHeader.m; sourceTree = "<group>"; };
		269F3F5A1C1843B3008CD7AF /* JxCalendar.framework */ = {isa = PBXFileReference; explicitFileType = wrapper.framework; includeInIndex = 0; path = JxCalendar.framework; sourceTree = BUILT_PRODUCTS_DIR; };
		26EBE1CC1C18446700A0DB2E /* JxCalendarCell.h */ = {isa = PBXFileReference; fileEncoding = 4; lastKnownFileType = sourcecode.c.h; path = JxCalendarCell.h; sourceTree = "<group>"; };
		26EBE1CD1C18446700A0DB2E /* JxCalendarCell.m */ = {isa = PBXFileReference; fileEncoding = 4; lastKnownFileType = sourcecode.c.objc; path = JxCalendarCell.m; sourceTree = "<group>"; };
		26EBE1CF1C18446700A0DB2E /* JxCalendarDayHeader.h */ = {isa = PBXFileReference; fileEncoding = 4; lastKnownFileType = sourcecode.c.h; path = JxCalendarDayHeader.h; sourceTree = "<group>"; };
		26EBE1D01C18446700A0DB2E /* JxCalendarDayHeader.m */ = {isa = PBXFileReference; fileEncoding = 4; lastKnownFileType = sourcecode.c.objc; path = JxCalendarDayHeader.m; sourceTree = "<group>"; };
		26EBE1D21C18446700A0DB2E /* JxCalendarEventCell.h */ = {isa = PBXFileReference; fileEncoding = 4; lastKnownFileType = sourcecode.c.h; path = JxCalendarEventCell.h; sourceTree = "<group>"; };
		26EBE1D31C18446700A0DB2E /* JxCalendarEventCell.m */ = {isa = PBXFileReference; fileEncoding = 4; lastKnownFileType = sourcecode.c.objc; path = JxCalendarEventCell.m; sourceTree = "<group>"; };
		26EBE1D71C18446700A0DB2E /* JxCalendarHeader.h */ = {isa = PBXFileReference; fileEncoding = 4; lastKnownFileType = sourcecode.c.h; path = JxCalendarHeader.h; sourceTree = "<group>"; };
		26EBE1D81C18446700A0DB2E /* JxCalendarHeader.m */ = {isa = PBXFileReference; fileEncoding = 4; lastKnownFileType = sourcecode.c.objc; path = JxCalendarHeader.m; sourceTree = "<group>"; };
		26EBE1E11C18446700A0DB2E /* JxCalendarEvent.h */ = {isa = PBXFileReference; fileEncoding = 4; lastKnownFileType = sourcecode.c.h; path = JxCalendarEvent.h; sourceTree = "<group>"; };
		26EBE1E21C18446700A0DB2E /* JxCalendarEvent.m */ = {isa = PBXFileReference; fileEncoding = 4; lastKnownFileType = sourcecode.c.objc; path = JxCalendarEvent.m; sourceTree = "<group>"; };
		26EBE1E31C18446700A0DB2E /* Info.plist */ = {isa = PBXFileReference; fileEncoding = 4; lastKnownFileType = text.plist.xml; path = Info.plist; sourceTree = "<group>"; };
		26EBE1E41C18446700A0DB2E /* JxCalendar.h */ = {isa = PBXFileReference; fileEncoding = 4; lastKnownFileType = sourcecode.c.h; path = JxCalendar.h; sourceTree = "<group>"; };
		26EBE1E51C18446700A0DB2E /* JxCalendarDefinitions.h */ = {isa = PBXFileReference; fileEncoding = 4; lastKnownFileType = sourcecode.c.h; path = JxCalendarDefinitions.h; sourceTree = "<group>"; };
		26EBE1E71C18446700A0DB2E /* JxCalendarLayout.h */ = {isa = PBXFileReference; fileEncoding = 4; lastKnownFileType = sourcecode.c.h; path = JxCalendarLayout.h; sourceTree = "<group>"; };
		26EBE1E81C18446700A0DB2E /* JxCalendarLayout.m */ = {isa = PBXFileReference; fileEncoding = 4; lastKnownFileType = sourcecode.c.objc; path = JxCalendarLayout.m; sourceTree = "<group>"; };
		26EBE1E91C18446700A0DB2E /* JxCalendarLayoutDay.h */ = {isa = PBXFileReference; fileEncoding = 4; lastKnownFileType = sourcecode.c.h; path = JxCalendarLayoutDay.h; sourceTree = "<group>"; };
		26EBE1EA1C18446700A0DB2E /* JxCalendarLayoutDay.m */ = {isa = PBXFileReference; fileEncoding = 4; lastKnownFileType = sourcecode.c.objc; path = JxCalendarLayoutDay.m; sourceTree = "<group>"; };
		26EBE1ED1C18446700A0DB2E /* JxCalendarLayoutMonthGrid.h */ = {isa = PBXFileReference; fileEncoding = 4; lastKnownFileType = sourcecode.c.h; path = JxCalendarLayoutMonthGrid.h; sourceTree = "<group>"; };
		26EBE1EE1C18446700A0DB2E /* JxCalendarLayoutMonthGrid.m */ = {isa = PBXFileReference; fileEncoding = 4; lastKnownFileType = sourcecode.c.objc; path = JxCalendarLayoutMonthGrid.m; sourceTree = "<group>"; };
		26EBE1EF1C18446700A0DB2E /* JxCalendarLayoutYearGrid.h */ = {isa = PBXFileReference; fileEncoding = 4; lastKnownFileType = sourcecode.c.h; path = JxCalendarLayoutYearGrid.h; sourceTree = "<group>"; };
		26EBE1F01C18446700A0DB2E /* JxCalendarLayoutYearGrid.m */ = {isa = PBXFileReference; fileEncoding = 4; lastKnownFileType = sourcecode.c.objc; path = JxCalendarLayoutYearGrid.m; sourceTree = "<group>"; };
		26EBE1F21C18446700A0DB2E /* JxCalendarDay.h */ = {isa = PBXFileReference; fileEncoding = 4; lastKnownFileType = sourcecode.c.h; path = JxCalendarDay.h; sourceTree = "<group>"; };
		26EBE1F31C18446700A0DB2E /* JxCalendarDay.m */ = {isa = PBXFileReference; fileEncoding = 4; lastKnownFileType = sourcecode.c.objc; path = JxCalendarDay.m; sourceTree = "<group>"; };
		26EBE1F41C18446700A0DB2E /* JxCalendarOverview.h */ = {isa = PBXFileReference; fileEncoding = 4; lastKnownFileType = sourcecode.c.h; path = JxCalendarOverview.h; sourceTree = "<group>"; };
		26EBE1F51C18446700A0DB2E /* JxCalendarOverview.m */ = {isa = PBXFileReference; fileEncoding = 4; lastKnownFileType = sourcecode.c.objc; path = JxCalendarOverview.m; sourceTree = "<group>"; };
		26FAA3E81C1EC04F001C4DA6 /* JxCalendarLayoutOverview.h */ = {isa = PBXFileReference; fileEncoding = 4; lastKnownFileType = sourcecode.c.h; path = JxCalendarLayoutOverview.h; sourceTree = "<group>"; };
		26FAA3E91C1EC04F001C4DA6 /* JxCalendarLayoutOverview.m */ = {isa = PBXFileReference; fileEncoding = 4; lastKnownFileType = sourcecode.c.objc; path = JxCalendarLayoutOverview.m; sourceTree = "<group>"; };
		26FAA3EF1C1F0F0F001C4DA6 /* JxCalendarLayoutWeek.h */ = {isa = PBXFileReference; fileEncoding = 4; lastKnownFileType = sourcecode.c.h; path = JxCalendarLayoutWeek.h; sourceTree = "<group>"; };
		26FAA3F01C1F0F0F001C4DA6 /* JxCalendarLayoutWeek.m */ = {isa = PBXFileReference; fileEncoding = 4; lastKnownFileType = sourcecode.c.objc; path = JxCalendarLayoutWeek.m; sourceTree = "<group>"; };
		26FAA3F31C1F135D001C4DA6 /* JxCalendarWeek.h */ = {isa = PBXFileReference; fileEncoding = 4; lastKnownFileType = sourcecode.c.h; path = JxCalendarWeek.h; sourceTree = "<group>"; };
		26FAA3F41C1F135D001C4DA6 /* JxCalendarWeek.m */ = {isa = PBXFileReference; fileEncoding = 4; lastKnownFileType = sourcecode.c.objc; path = JxCalendarWeek.m; sourceTree = "<group>"; };
		26FAA3F71C1F13DB001C4DA6 /* JxCalendarBasics.h */ = {isa = PBXFileReference; fileEncoding = 4; lastKnownFileType = sourcecode.c.h; path = JxCalendarBasics.h; sourceTree = "<group>"; };
		26FAA3F81C1F13DB001C4DA6 /* JxCalendarBasics.m */ = {isa = PBXFileReference; fileEncoding = 4; lastKnownFileType = sourcecode.c.objc; path = JxCalendarBasics.m; sourceTree = "<group>"; };
		26FAA3FB1C1F1AE0001C4DA6 /* JxCalendarViewController.h */ = {isa = PBXFileReference; fileEncoding = 4; lastKnownFileType = sourcecode.c.h; path = JxCalendarViewController.h; sourceTree = "<group>"; };
		26FAA3FC1C1F1AE0001C4DA6 /* JxCalendarViewController.m */ = {isa = PBXFileReference; fileEncoding = 4; lastKnownFileType = sourcecode.c.objc; path = JxCalendarViewController.m; sourceTree = "<group>"; };
/* End PBXFileReference section */

/* Begin PBXFrameworksBuildPhase section */
		269F3F561C1843B3008CD7AF /* Frameworks */ = {
			isa = PBXFrameworksBuildPhase;
			buildActionMask = 2147483647;
			files = (
			);
			runOnlyForDeploymentPostprocessing = 0;
		};
/* End PBXFrameworksBuildPhase section */

/* Begin PBXGroup section */
		263F4A791D8AC16F00E8F0AB /* Header */ = {
			isa = PBXGroup;
			children = (
				26EBE1D71C18446700A0DB2E /* JxCalendarHeader.h */,
				26EBE1D81C18446700A0DB2E /* JxCalendarHeader.m */,
				26EBE1CF1C18446700A0DB2E /* JxCalendarDayHeader.h */,
				26EBE1D01C18446700A0DB2E /* JxCalendarDayHeader.m */,
				266D38101C2AAE64004FEBF1 /* JxCalendarWeekHeader.h */,
				266D38111C2AAE64004FEBF1 /* JxCalendarWeekHeader.m */,
			);
			name = Header;
			sourceTree = "<group>";
		};
		269F3F501C1843B3008CD7AF = {
			isa = PBXGroup;
			children = (
				26EBE1CA1C18446700A0DB2E /* Sources */,
				269F3F5B1C1843B3008CD7AF /* Products */,
			);
			sourceTree = "<group>";
		};
		269F3F5B1C1843B3008CD7AF /* Products */ = {
			isa = PBXGroup;
			children = (
				269F3F5A1C1843B3008CD7AF /* JxCalendar.framework */,
			);
			name = Products;
			sourceTree = "<group>";
		};
		26EBE1CA1C18446700A0DB2E /* Sources */ = {
			isa = PBXGroup;
			children = (
				26EBE1CB1C18446700A0DB2E /* Cells */,
				26EBE1E01C18446700A0DB2E /* DataObjects */,
				26EBE1E31C18446700A0DB2E /* Info.plist */,
				26EBE1E41C18446700A0DB2E /* JxCalendar.h */,
				26EBE1E51C18446700A0DB2E /* JxCalendarDefinitions.h */,
				260734311C902956007F314E /* JxCalendarProtocols.h */,
				26EBE1E61C18446700A0DB2E /* Layouts */,
				26EBE1F11C18446700A0DB2E /* ViewControllers */,
				26FAA3F71C1F13DB001C4DA6 /* JxCalendarBasics.h */,
				26FAA3F81C1F13DB001C4DA6 /* JxCalendarBasics.m */,
				26614D501C4F9A7900591976 /* UIViewController+CalendarBackButtonHandler.h */,
				26614D511C4F9A7900591976 /* UIViewController+CalendarBackButtonHandler.m */,
			);
			path = Sources;
			sourceTree = "<group>";
		};
		26EBE1CB1C18446700A0DB2E /* Cells */ = {
			isa = PBXGroup;
			children = (
				263F4A791D8AC16F00E8F0AB /* Header */,
				26EBE1CC1C18446700A0DB2E /* JxCalendarCell.h */,
				26EBE1CD1C18446700A0DB2E /* JxCalendarCell.m */,
				26EBE1D21C18446700A0DB2E /* JxCalendarEventCell.h */,
				26EBE1D31C18446700A0DB2E /* JxCalendarEventCell.m */,
				265FD5F71C217BA400FCC8AE /* JxCalendarWeekEventCell.h */,
				265FD5F81C217BA400FCC8AE /* JxCalendarWeekEventCell.m */,
				2614D0921C8DB71B002EC145 /* JxCalendarWeekDayDecoration.h */,
				2614D0931C8DB71B002EC145 /* JxCalendarWeekDayDecoration.m */,
			);
			path = Cells;
			sourceTree = "<group>";
		};
		26EBE1E01C18446700A0DB2E /* DataObjects */ = {
			isa = PBXGroup;
			children = (
				26EBE1E11C18446700A0DB2E /* JxCalendarEvent.h */,
				26EBE1E21C18446700A0DB2E /* JxCalendarEvent.m */,
				265FD5EF1C2170E000FCC8AE /* JxCalendarEventDay.h */,
				265FD5F01C2170E000FCC8AE /* JxCalendarEventDay.m */,
				265FD5F31C2170F100FCC8AE /* JxCalendarEventDuration.h */,
				265FD5F41C2170F100FCC8AE /* JxCalendarEventDuration.m */,
				260734361C902CC8007F314E /* JxCalendarRangeElement.h */,
				260734371C902CC8007F314E /* JxCalendarRangeElement.m */,
			);
			path = DataObjects;
			sourceTree = "<group>";
		};
		26EBE1E61C18446700A0DB2E /* Layouts */ = {
			isa = PBXGroup;
			children = (
				26EBE1E71C18446700A0DB2E /* JxCalendarLayout.h */,
				26EBE1E81C18446700A0DB2E /* JxCalendarLayout.m */,
				26FAA3E81C1EC04F001C4DA6 /* JxCalendarLayoutOverview.h */,
				26FAA3E91C1EC04F001C4DA6 /* JxCalendarLayoutOverview.m */,
				26EBE1E91C18446700A0DB2E /* JxCalendarLayoutDay.h */,
				26EBE1EA1C18446700A0DB2E /* JxCalendarLayoutDay.m */,
				26EBE1ED1C18446700A0DB2E /* JxCalendarLayoutMonthGrid.h */,
				26EBE1EE1C18446700A0DB2E /* JxCalendarLayoutMonthGrid.m */,
				26EBE1EF1C18446700A0DB2E /* JxCalendarLayoutYearGrid.h */,
				26EBE1F01C18446700A0DB2E /* JxCalendarLayoutYearGrid.m */,
				26FAA3EF1C1F0F0F001C4DA6 /* JxCalendarLayoutWeek.h */,
				26FAA3F01C1F0F0F001C4DA6 /* JxCalendarLayoutWeek.m */,
			);
			path = Layouts;
			sourceTree = "<group>";
		};
		26EBE1F11C18446700A0DB2E /* ViewControllers */ = {
			isa = PBXGroup;
			children = (
				26EBE1F21C18446700A0DB2E /* JxCalendarDay.h */,
				26EBE1F31C18446700A0DB2E /* JxCalendarDay.m */,
				26FAA3F31C1F135D001C4DA6 /* JxCalendarWeek.h */,
				26FAA3F41C1F135D001C4DA6 /* JxCalendarWeek.m */,
				26EBE1F41C18446700A0DB2E /* JxCalendarOverview.h */,
				26EBE1F51C18446700A0DB2E /* JxCalendarOverview.m */,
				26FAA3FB1C1F1AE0001C4DA6 /* JxCalendarViewController.h */,
				26FAA3FC1C1F1AE0001C4DA6 /* JxCalendarViewController.m */,
				260EBC541C96F10700677876 /* JxCalendarOverview+ToolTip.h */,
				260EBC551C96F10700677876 /* JxCalendarOverview+ToolTip.m */,
			);
			path = ViewControllers;
			sourceTree = "<group>";
		};
/* End PBXGroup section */

/* Begin PBXHeadersBuildPhase section */
		269F3F571C1843B3008CD7AF /* Headers */ = {
			isa = PBXHeadersBuildPhase;
			buildActionMask = 2147483647;
			files = (
				26EBE20D1C18446700A0DB2E /* JxCalendar.h in Headers */,
				26EBE20A1C18446700A0DB2E /* JxCalendarEvent.h in Headers */,
				26EBE2171C18446700A0DB2E /* JxCalendarLayoutYearGrid.h in Headers */,
				260EBC561C96F10700677876 /* JxCalendarOverview+ToolTip.h in Headers */,
				26FAA3EA1C1EC04F001C4DA6 /* JxCalendarLayoutOverview.h in Headers */,
				26EBE2151C18446700A0DB2E /* JxCalendarLayoutMonthGrid.h in Headers */,
				26FAA3FD1C1F1AE0001C4DA6 /* JxCalendarViewController.h in Headers */,
				26FAA3F91C1F13DB001C4DA6 /* JxCalendarBasics.h in Headers */,
				26EBE2191C18446700A0DB2E /* JxCalendarDay.h in Headers */,
				260734321C9029D9007F314E /* JxCalendarProtocols.h in Headers */,
				260734381C902CC8007F314E /* JxCalendarRangeElement.h in Headers */,
				26FAA3F51C1F135D001C4DA6 /* JxCalendarWeek.h in Headers */,
				2614D0951C8DB71B002EC145 /* JxCalendarWeekDayDecoration.h in Headers */,
				26FAA3F11C1F0F0F001C4DA6 /* JxCalendarLayoutWeek.h in Headers */,
				265FD5F11C2170E000FCC8AE /* JxCalendarEventDay.h in Headers */,
				265FD5FA1C217BA400FCC8AE /* JxCalendarWeekEventCell.h in Headers */,
				265FD5F51C2170F100FCC8AE /* JxCalendarEventDuration.h in Headers */,
				26EBE20F1C18446700A0DB2E /* JxCalendarLayout.h in Headers */,
				26EBE2111C18446700A0DB2E /* JxCalendarLayoutDay.h in Headers */,
				266D38131C2AAE64004FEBF1 /* JxCalendarWeekHeader.h in Headers */,
				26EBE21B1C18446700A0DB2E /* JxCalendarOverview.h in Headers */,
				26EBE1F61C18446700A0DB2E /* JxCalendarCell.h in Headers */,
				26EBE1F91C18446700A0DB2E /* JxCalendarDayHeader.h in Headers */,
				26614D521C4F9A7900591976 /* UIViewController+CalendarBackButtonHandler.h in Headers */,
				26EBE2011C18446700A0DB2E /* JxCalendarHeader.h in Headers */,
				26EBE1FC1C18446700A0DB2E /* JxCalendarEventCell.h in Headers */,
				26EBE20E1C18446700A0DB2E /* JxCalendarDefinitions.h in Headers */,
			);
			runOnlyForDeploymentPostprocessing = 0;
		};
/* End PBXHeadersBuildPhase section */

/* Begin PBXNativeTarget section */
		269F3F591C1843B3008CD7AF /* JxCalendar */ = {
			isa = PBXNativeTarget;
			buildConfigurationList = 269F3F621C1843B3008CD7AF /* Build configuration list for PBXNativeTarget "JxCalendar" */;
			buildPhases = (
				269F3F551C1843B3008CD7AF /* Sources */,
				269F3F561C1843B3008CD7AF /* Frameworks */,
				269F3F571C1843B3008CD7AF /* Headers */,
				269F3F581C1843B3008CD7AF /* Resources */,
			);
			buildRules = (
			);
			dependencies = (
			);
			name = JxCalendar;
			productName = JxCalendar;
			productReference = 269F3F5A1C1843B3008CD7AF /* JxCalendar.framework */;
			productType = "com.apple.product-type.framework";
		};
/* End PBXNativeTarget section */

/* Begin PBXProject section */
		269F3F511C1843B3008CD7AF /* Project object */ = {
			isa = PBXProject;
			attributes = {
				LastUpgradeCheck = 0810;
				ORGANIZATIONNAME = "Jeanette Müller";
				TargetAttributes = {
					269F3F591C1843B3008CD7AF = {
						CreatedOnToolsVersion = 7.1.1;
						DevelopmentTeam = PF8DXS9D53;
						DevelopmentTeamName = "Claudio Hintermann (Personal Team)";
						LastSwiftMigration = 0810;
					};
				};
			};
			buildConfigurationList = 269F3F541C1843B3008CD7AF /* Build configuration list for PBXProject "JxCalendar" */;
			compatibilityVersion = "Xcode 3.2";
			developmentRegion = English;
			hasScannedForEncodings = 0;
			knownRegions = (
				en,
			);
			mainGroup = 269F3F501C1843B3008CD7AF;
			productRefGroup = 269F3F5B1C1843B3008CD7AF /* Products */;
			projectDirPath = "";
			projectRoot = "";
			targets = (
				269F3F591C1843B3008CD7AF /* JxCalendar */,
			);
		};
/* End PBXProject section */

/* Begin PBXResourcesBuildPhase section */
		269F3F581C1843B3008CD7AF /* Resources */ = {
			isa = PBXResourcesBuildPhase;
			buildActionMask = 2147483647;
			files = (
			);
			runOnlyForDeploymentPostprocessing = 0;
		};
/* End PBXResourcesBuildPhase section */

/* Begin PBXSourcesBuildPhase section */
		269F3F551C1843B3008CD7AF /* Sources */ = {
			isa = PBXSourcesBuildPhase;
			buildActionMask = 2147483647;
			files = (
				2614D0961C8DB71B002EC145 /* JxCalendarWeekDayDecoration.m in Sources */,
				266D38141C2AAE64004FEBF1 /* JxCalendarWeekHeader.m in Sources */,
				265FD5F61C2170F100FCC8AE /* JxCalendarEventDuration.m in Sources */,
				26EBE2121C18446700A0DB2E /* JxCalendarLayoutDay.m in Sources */,
				26EBE2101C18446700A0DB2E /* JxCalendarLayout.m in Sources */,
				26EBE2181C18446700A0DB2E /* JxCalendarLayoutYearGrid.m in Sources */,
				260734391C902CC8007F314E /* JxCalendarRangeElement.m in Sources */,
				26FAA3F61C1F135D001C4DA6 /* JxCalendarWeek.m in Sources */,
				26EBE21A1C18446700A0DB2E /* JxCalendarDay.m in Sources */,
				26614D531C4F9A7900591976 /* UIViewController+CalendarBackButtonHandler.m in Sources */,
				26FAA3FA1C1F13DB001C4DA6 /* JxCalendarBasics.m in Sources */,
				26EBE1F71C18446700A0DB2E /* JxCalendarCell.m in Sources */,
				26FAA3FE1C1F1AE0001C4DA6 /* JxCalendarViewController.m in Sources */,
				265FD5FB1C217BA400FCC8AE /* JxCalendarWeekEventCell.m in Sources */,
				260EBC571C96F10700677876 /* JxCalendarOverview+ToolTip.m in Sources */,
				26FAA3EB1C1EC04F001C4DA6 /* JxCalendarLayoutOverview.m in Sources */,
				26EBE2161C18446700A0DB2E /* JxCalendarLayoutMonthGrid.m in Sources */,
				26EBE20B1C18446700A0DB2E /* JxCalendarEvent.m in Sources */,
				26FAA3F21C1F0F0F001C4DA6 /* JxCalendarLayoutWeek.m in Sources */,
				26EBE1FA1C18446700A0DB2E /* JxCalendarDayHeader.m in Sources */,
				265FD5F21C2170E000FCC8AE /* JxCalendarEventDay.m in Sources */,
				26EBE21C1C18446700A0DB2E /* JxCalendarOverview.m in Sources */,
				26EBE2021C18446700A0DB2E /* JxCalendarHeader.m in Sources */,
				26EBE1FD1C18446700A0DB2E /* JxCalendarEventCell.m in Sources */,
			);
			runOnlyForDeploymentPostprocessing = 0;
		};
/* End PBXSourcesBuildPhase section */

/* Begin XCBuildConfiguration section */
		269F3F601C1843B3008CD7AF /* Debug */ = {
			isa = XCBuildConfiguration;
			buildSettings = {
				ALWAYS_SEARCH_USER_PATHS = NO;
				CLANG_ALLOW_NON_MODULAR_INCLUDES_IN_FRAMEWORK_MODULES = YES;
				CLANG_CXX_LANGUAGE_STANDARD = "gnu++0x";
				CLANG_CXX_LIBRARY = "libc++";
				CLANG_ENABLE_MODULES = YES;
				CLANG_ENABLE_OBJC_ARC = YES;
				CLANG_WARN_BOOL_CONVERSION = YES;
				CLANG_WARN_CONSTANT_CONVERSION = YES;
				CLANG_WARN_DIRECT_OBJC_ISA_USAGE = YES_ERROR;
				CLANG_WARN_EMPTY_BODY = YES;
				CLANG_WARN_ENUM_CONVERSION = YES;
				CLANG_WARN_INFINITE_RECURSION = YES;
				CLANG_WARN_INT_CONVERSION = YES;
				CLANG_WARN_OBJC_ROOT_CLASS = YES_ERROR;
				CLANG_WARN_SUSPICIOUS_MOVE = YES;
				CLANG_WARN_UNREACHABLE_CODE = YES;
				CLANG_WARN__DUPLICATE_METHOD_MATCH = YES;
				COPY_PHASE_STRIP = NO;
				CURRENT_PROJECT_VERSION = 1;
				DEBUG_INFORMATION_FORMAT = dwarf;
				DEFINES_MODULE = YES;
				DEVELOPMENT_TEAM = C6M676M9TH;
				ENABLE_STRICT_OBJC_MSGSEND = YES;
				ENABLE_TESTABILITY = YES;
				GCC_C_LANGUAGE_STANDARD = gnu99;
				GCC_DYNAMIC_NO_PIC = NO;
				GCC_NO_COMMON_BLOCKS = YES;
				GCC_OPTIMIZATION_LEVEL = 0;
				GCC_PREPROCESSOR_DEFINITIONS = (
					"DEBUG=1",
					"$(inherited)",
				);
				GCC_WARN_64_TO_32_BIT_CONVERSION = YES;
				GCC_WARN_ABOUT_RETURN_TYPE = YES_ERROR;
				GCC_WARN_UNDECLARED_SELECTOR = YES;
				GCC_WARN_UNINITIALIZED_AUTOS = YES_AGGRESSIVE;
				GCC_WARN_UNUSED_FUNCTION = YES;
				GCC_WARN_UNUSED_VARIABLE = YES;
				IPHONEOS_DEPLOYMENT_TARGET = 9.1;
				MTL_ENABLE_DEBUG_INFO = YES;
				ONLY_ACTIVE_ARCH = YES;
				SDKROOT = iphoneos;
				TARGETED_DEVICE_FAMILY = "1,2";
				VERSIONING_SYSTEM = "apple-generic";
				VERSION_INFO_PREFIX = "";
			};
			name = Debug;
		};
		269F3F611C1843B3008CD7AF /* Release */ = {
			isa = XCBuildConfiguration;
			buildSettings = {
				ALWAYS_SEARCH_USER_PATHS = NO;
				CLANG_ALLOW_NON_MODULAR_INCLUDES_IN_FRAMEWORK_MODULES = YES;
				CLANG_CXX_LANGUAGE_STANDARD = "gnu++0x";
				CLANG_CXX_LIBRARY = "libc++";
				CLANG_ENABLE_MODULES = YES;
				CLANG_ENABLE_OBJC_ARC = YES;
				CLANG_WARN_BOOL_CONVERSION = YES;
				CLANG_WARN_CONSTANT_CONVERSION = YES;
				CLANG_WARN_DIRECT_OBJC_ISA_USAGE = YES_ERROR;
				CLANG_WARN_EMPTY_BODY = YES;
				CLANG_WARN_ENUM_CONVERSION = YES;
				CLANG_WARN_INFINITE_RECURSION = YES;
				CLANG_WARN_INT_CONVERSION = YES;
				CLANG_WARN_OBJC_ROOT_CLASS = YES_ERROR;
				CLANG_WARN_SUSPICIOUS_MOVE = YES;
				CLANG_WARN_UNREACHABLE_CODE = YES;
				CLANG_WARN__DUPLICATE_METHOD_MATCH = YES;
				COPY_PHASE_STRIP = NO;
				CURRENT_PROJECT_VERSION = 1;
				DEBUG_INFORMATION_FORMAT = "dwarf-with-dsym";
				DEFINES_MODULE = YES;
				DEVELOPMENT_TEAM = C6M676M9TH;
				ENABLE_NS_ASSERTIONS = NO;
				ENABLE_STRICT_OBJC_MSGSEND = YES;
				GCC_C_LANGUAGE_STANDARD = gnu99;
				GCC_NO_COMMON_BLOCKS = YES;
				GCC_WARN_64_TO_32_BIT_CONVERSION = YES;
				GCC_WARN_ABOUT_RETURN_TYPE = YES_ERROR;
				GCC_WARN_UNDECLARED_SELECTOR = YES;
				GCC_WARN_UNINITIALIZED_AUTOS = YES_AGGRESSIVE;
				GCC_WARN_UNUSED_FUNCTION = YES;
				GCC_WARN_UNUSED_VARIABLE = YES;
				IPHONEOS_DEPLOYMENT_TARGET = 9.1;
				MTL_ENABLE_DEBUG_INFO = NO;
				SDKROOT = iphoneos;
				TARGETED_DEVICE_FAMILY = "1,2";
				VALIDATE_PRODUCT = YES;
				VERSIONING_SYSTEM = "apple-generic";
				VERSION_INFO_PREFIX = "";
			};
			name = Release;
		};
		269F3F631C1843B3008CD7AF /* Debug */ = {
			isa = XCBuildConfiguration;
			buildSettings = {
				CODE_SIGN_IDENTITY = "iPhone Developer";
				DEFINES_MODULE = YES;
				DEVELOPMENT_TEAM = PF8DXS9D53;
				DYLIB_COMPATIBILITY_VERSION = 1;
				DYLIB_CURRENT_VERSION = 1;
				DYLIB_INSTALL_NAME_BASE = "@rpath";
				INFOPLIST_FILE = Sources/Info.plist;
				INSTALL_PATH = "$(LOCAL_LIBRARY_DIR)/Frameworks";
				IPHONEOS_DEPLOYMENT_TARGET = 8.1;
				LD_RUNPATH_SEARCH_PATHS = "$(inherited) @executable_path/Frameworks @loader_path/Frameworks";
				PRODUCT_BUNDLE_IDENTIFIER = de.themaverick.JxCalendar;
				PRODUCT_NAME = "$(TARGET_NAME)";
				SKIP_INSTALL = YES;
				SWIFT_VERSION = 3.0;
			};
			name = Debug;
		};
		269F3F641C1843B3008CD7AF /* Release */ = {
			isa = XCBuildConfiguration;
			buildSettings = {
				CODE_SIGN_IDENTITY = "iPhone Developer";
				DEFINES_MODULE = YES;
				DEVELOPMENT_TEAM = PF8DXS9D53;
				DYLIB_COMPATIBILITY_VERSION = 1;
				DYLIB_CURRENT_VERSION = 1;
				DYLIB_INSTALL_NAME_BASE = "@rpath";
				INFOPLIST_FILE = Sources/Info.plist;
				INSTALL_PATH = "$(LOCAL_LIBRARY_DIR)/Frameworks";
				IPHONEOS_DEPLOYMENT_TARGET = 8.1;
				LD_RUNPATH_SEARCH_PATHS = "$(inherited) @executable_path/Frameworks @loader_path/Frameworks";
				PRODUCT_BUNDLE_IDENTIFIER = de.themaverick.JxCalendar;
				PRODUCT_NAME = "$(TARGET_NAME)";
				SKIP_INSTALL = YES;
				SWIFT_VERSION = 3.0;
			};
			name = Release;
		};
		9855AA401DE6E25000206A2B /* AdHoc Testflight */ = {
			isa = XCBuildConfiguration;
			buildSettings = {
				ALWAYS_SEARCH_USER_PATHS = NO;
				CLANG_ALLOW_NON_MODULAR_INCLUDES_IN_FRAMEWORK_MODULES = YES;
				CLANG_CXX_LANGUAGE_STANDARD = "gnu++0x";
				CLANG_CXX_LIBRARY = "libc++";
				CLANG_ENABLE_MODULES = YES;
				CLANG_ENABLE_OBJC_ARC = YES;
				CLANG_WARN_BOOL_CONVERSION = YES;
				CLANG_WARN_CONSTANT_CONVERSION = YES;
				CLANG_WARN_DIRECT_OBJC_ISA_USAGE = YES_ERROR;
				CLANG_WARN_EMPTY_BODY = YES;
				CLANG_WARN_ENUM_CONVERSION = YES;
				CLANG_WARN_INFINITE_RECURSION = YES;
				CLANG_WARN_INT_CONVERSION = YES;
				CLANG_WARN_OBJC_ROOT_CLASS = YES_ERROR;
				CLANG_WARN_SUSPICIOUS_MOVE = YES;
				CLANG_WARN_UNREACHABLE_CODE = YES;
				CLANG_WARN__DUPLICATE_METHOD_MATCH = YES;
				COPY_PHASE_STRIP = NO;
				CURRENT_PROJECT_VERSION = 1;
				DEBUG_INFORMATION_FORMAT = "dwarf-with-dsym";
				DEFINES_MODULE = YES;
				DEVELOPMENT_TEAM = C6M676M9TH;
				ENABLE_NS_ASSERTIONS = NO;
				ENABLE_STRICT_OBJC_MSGSEND = YES;
				GCC_C_LANGUAGE_STANDARD = gnu99;
				GCC_NO_COMMON_BLOCKS = YES;
				GCC_WARN_64_TO_32_BIT_CONVERSION = YES;
				GCC_WARN_ABOUT_RETURN_TYPE = YES_ERROR;
				GCC_WARN_UNDECLARED_SELECTOR = YES;
				GCC_WARN_UNINITIALIZED_AUTOS = YES_AGGRESSIVE;
				GCC_WARN_UNUSED_FUNCTION = YES;
				GCC_WARN_UNUSED_VARIABLE = YES;
				IPHONEOS_DEPLOYMENT_TARGET = 9.1;
				MTL_ENABLE_DEBUG_INFO = NO;
				SDKROOT = iphoneos;
				TARGETED_DEVICE_FAMILY = "1,2";
				VALIDATE_PRODUCT = YES;
				VERSIONING_SYSTEM = "apple-generic";
				VERSION_INFO_PREFIX = "";
			};
			name = "AdHoc Testflight";
		};
		9855AA411DE6E25000206A2B /* AdHoc Testflight */ = {
			isa = XCBuildConfiguration;
			buildSettings = {
				CODE_SIGN_IDENTITY = "iPhone Developer";
				DEFINES_MODULE = YES;
				DEVELOPMENT_TEAM = PF8DXS9D53;
				DYLIB_COMPATIBILITY_VERSION = 1;
				DYLIB_CURRENT_VERSION = 1;
				DYLIB_INSTALL_NAME_BASE = "@rpath";
				INFOPLIST_FILE = Sources/Info.plist;
				INSTALL_PATH = "$(LOCAL_LIBRARY_DIR)/Frameworks";
				IPHONEOS_DEPLOYMENT_TARGET = 8.1;
				LD_RUNPATH_SEARCH_PATHS = "$(inherited) @executable_path/Frameworks @loader_path/Frameworks";
				PRODUCT_BUNDLE_IDENTIFIER = de.themaverick.JxCalendar;
				PRODUCT_NAME = "$(TARGET_NAME)";
				SKIP_INSTALL = YES;
				SWIFT_VERSION = 3.0;
			};
			name = "AdHoc Testflight";
		};
		9855AA421DE6E25800206A2B /* Appstore Distribution */ = {
			isa = XCBuildConfiguration;
			buildSettings = {
				ALWAYS_SEARCH_USER_PATHS = NO;
				CLANG_ALLOW_NON_MODULAR_INCLUDES_IN_FRAMEWORK_MODULES = YES;
				CLANG_CXX_LANGUAGE_STANDARD = "gnu++0x";
				CLANG_CXX_LIBRARY = "libc++";
				CLANG_ENABLE_MODULES = YES;
				CLANG_ENABLE_OBJC_ARC = YES;
				CLANG_WARN_BOOL_CONVERSION = YES;
				CLANG_WARN_CONSTANT_CONVERSION = YES;
				CLANG_WARN_DIRECT_OBJC_ISA_USAGE = YES_ERROR;
				CLANG_WARN_EMPTY_BODY = YES;
				CLANG_WARN_ENUM_CONVERSION = YES;
				CLANG_WARN_INFINITE_RECURSION = YES;
				CLANG_WARN_INT_CONVERSION = YES;
				CLANG_WARN_OBJC_ROOT_CLASS = YES_ERROR;
				CLANG_WARN_SUSPICIOUS_MOVE = YES;
				CLANG_WARN_UNREACHABLE_CODE = YES;
				CLANG_WARN__DUPLICATE_METHOD_MATCH = YES;
				COPY_PHASE_STRIP = NO;
				CURRENT_PROJECT_VERSION = 1;
				DEBUG_INFORMATION_FORMAT = "dwarf-with-dsym";
				DEFINES_MODULE = YES;
				DEVELOPMENT_TEAM = C6M676M9TH;
				ENABLE_NS_ASSERTIONS = NO;
				ENABLE_STRICT_OBJC_MSGSEND = YES;
				GCC_C_LANGUAGE_STANDARD = gnu99;
				GCC_NO_COMMON_BLOCKS = YES;
				GCC_WARN_64_TO_32_BIT_CONVERSION = YES;
				GCC_WARN_ABOUT_RETURN_TYPE = YES_ERROR;
				GCC_WARN_UNDECLARED_SELECTOR = YES;
				GCC_WARN_UNINITIALIZED_AUTOS = YES_AGGRESSIVE;
				GCC_WARN_UNUSED_FUNCTION = YES;
				GCC_WARN_UNUSED_VARIABLE = YES;
				IPHONEOS_DEPLOYMENT_TARGET = 9.1;
				MTL_ENABLE_DEBUG_INFO = NO;
				SDKROOT = iphoneos;
				TARGETED_DEVICE_FAMILY = "1,2";
				VALIDATE_PRODUCT = YES;
				VERSIONING_SYSTEM = "apple-generic";
				VERSION_INFO_PREFIX = "";
			};
			name = "Appstore Distribution";
		};
		9855AA431DE6E25800206A2B /* Appstore Distribution */ = {
			isa = XCBuildConfiguration;
			buildSettings = {
				CODE_SIGN_IDENTITY = "iPhone Developer";
				DEFINES_MODULE = YES;
				DEVELOPMENT_TEAM = PF8DXS9D53;
				DYLIB_COMPATIBILITY_VERSION = 1;
				DYLIB_CURRENT_VERSION = 1;
				DYLIB_INSTALL_NAME_BASE = "@rpath";
				INFOPLIST_FILE = Sources/Info.plist;
				INSTALL_PATH = "$(LOCAL_LIBRARY_DIR)/Frameworks";
				IPHONEOS_DEPLOYMENT_TARGET = 8.1;
				LD_RUNPATH_SEARCH_PATHS = "$(inherited) @executable_path/Frameworks @loader_path/Frameworks";
				PRODUCT_BUNDLE_IDENTIFIER = de.themaverick.JxCalendar;
				PRODUCT_NAME = "$(TARGET_NAME)";
				SKIP_INSTALL = YES;
				SWIFT_VERSION = 3.0;
			};
			name = "Appstore Distribution";
		};
/* End XCBuildConfiguration section */

/* Begin XCConfigurationList section */
		269F3F541C1843B3008CD7AF /* Build configuration list for PBXProject "JxCalendar" */ = {
			isa = XCConfigurationList;
			buildConfigurations = (
				269F3F601C1843B3008CD7AF /* Debug */,
				269F3F611C1843B3008CD7AF /* Release */,
				9855AA421DE6E25800206A2B /* Appstore Distribution */,
				9855AA401DE6E25000206A2B /* AdHoc Testflight */,
			);
			defaultConfigurationIsVisible = 0;
			defaultConfigurationName = Release;
		};
		269F3F621C1843B3008CD7AF /* Build configuration list for PBXNativeTarget "JxCalendar" */ = {
			isa = XCConfigurationList;
			buildConfigurations = (
				269F3F631C1843B3008CD7AF /* Debug */,
				269F3F641C1843B3008CD7AF /* Release */,
				9855AA431DE6E25800206A2B /* Appstore Distribution */,
				9855AA411DE6E25000206A2B /* AdHoc Testflight */,
			);
			defaultConfigurationIsVisible = 0;
			defaultConfigurationName = Release;
		};
/* End XCConfigurationList section */
	};
	rootObject = 269F3F511C1843B3008CD7AF /* Project object */;
}
